
Microsoft Visual Studio Solution File, Format Version 12.00
# Visual Studio 15
VisualStudioVersion = 15.0.28307.421
MinimumVisualStudioVersion = 10.0.40219.1
Project("{FAE04EC0-301F-11D3-BF4B-00C04F79EFBC}") = "Assignment5", "Assignment5.csproj", "{9F5D5195-7E8A-48E4-B364-8D47AF13105E}"
EndProject
Project("{FAE04EC0-301F-11D3-BF4B-00C04F79EFBC}") = "TestDriverFiveTwo", "..\..\5.2\TestDriverFiveTwo\TestDriverFiveTwo.csproj", "{EDAC6132-BAB0-4D61-A5EF-DB0283C9AB69}"
EndProject
Project("{FAE04EC0-301F-11D3-BF4B-00C04F79EFBC}") = "UnitTests", "..\UnitTests\UnitTests.csproj", "{38E78049-543B-40A2-8C65-B798A1FCB4FC}"
EndProject
Global
	GlobalSection(SolutionConfigurationPlatforms) = preSolution
		Debug|Any CPU = Debug|Any CPU
		Release|Any CPU = Release|Any CPU
	EndGlobalSection
	GlobalSection(ProjectConfigurationPlatforms) = postSolution
		{9F5D5195-7E8A-48E4-B364-8D47AF13105E}.Debug|Any CPU.ActiveCfg = Debug|Any CPU
		{9F5D5195-7E8A-48E4-B364-8D47AF13105E}.Debug|Any CPU.Build.0 = Debug|Any CPU
		{9F5D5195-7E8A-48E4-B364-8D47AF13105E}.Release|Any CPU.ActiveCfg = Release|Any CPU
		{9F5D5195-7E8A-48E4-B364-8D47AF13105E}.Release|Any CPU.Build.0 = Release|Any CPU
		{EDAC6132-BAB0-4D61-A5EF-DB0283C9AB69}.Debug|Any CPU.ActiveCfg = Debug|Any CPU
		{EDAC6132-BAB0-4D61-A5EF-DB0283C9AB69}.Debug|Any CPU.Build.0 = Debug|Any CPU
		{EDAC6132-BAB0-4D61-A5EF-DB0283C9AB69}.Release|Any CPU.ActiveCfg = Release|Any CPU
		{EDAC6132-BAB0-4D61-A5EF-DB0283C9AB69}.Release|Any CPU.Build.0 = Release|Any CPU
		{38E78049-543B-40A2-8C65-B798A1FCB4FC}.Debug|Any CPU.ActiveCfg = Debug|Any CPU
		{38E78049-543B-40A2-8C65-B798A1FCB4FC}.Debug|Any CPU.Build.0 = Debug|Any CPU
		{38E78049-543B-40A2-8C65-B798A1FCB4FC}.Release|Any CPU.ActiveCfg = Release|Any CPU
		{38E78049-543B-40A2-8C65-B798A1FCB4FC}.Release|Any CPU.Build.0 = Release|Any CPU
	EndGlobalSection
	GlobalSection(SolutionProperties) = preSolution
		HideSolutionNode = FALSE
	EndGlobalSection
	GlobalSection(ExtensibilityGlobals) = postSolution
		SolutionGuid = {B0B62312-A5C5-41BE-A262-DEAC3A7C4632}
	EndGlobalSection
EndGlobal
